
Microsoft Visual Studio Solution File, Format Version 12.00
# Visual Studio 15
VisualStudioVersion = 15.0.28307.136
MinimumVisualStudioVersion = 10.0.40219.1
Project("{FAE04EC0-301F-11D3-BF4B-00C04F79EFBC}") = "IntegerParsingApp", "IntegerParsingApp\IntegerParsingApp.csproj", "{54EABAEC-42AE-4539-BFBF-B5AEB094DC62}"
EndProject
Global
	GlobalSection(SolutionConfigurationPlatforms) = preSolution
		Debug|Any CPU = Debug|Any CPU
		Release|Any CPU = Release|Any CPU
	EndGlobalSection
	GlobalSection(ProjectConfigurationPlatforms) = postSolution
		{54EABAEC-42AE-4539-BFBF-B5AEB094DC62}.Debug|Any CPU.ActiveCfg = Debug|Any CPU
		{54EABAEC-42AE-4539-BFBF-B5AEB094DC62}.Debug|Any CPU.Build.0 = Debug|Any CPU
		{54EABAEC-42AE-4539-BFBF-B5AEB094DC62}.Release|Any CPU.ActiveCfg = Release|Any CPU
		{54EABAEC-42AE-4539-BFBF-B5AEB094DC62}.Release|Any CPU.Build.0 = Release|Any CPU
	EndGlobalSection
	GlobalSection(SolutionProperties) = preSolution
		HideSolutionNode = FALSE
	EndGlobalSection
	GlobalSection(ExtensibilityGlobals) = postSolution
		SolutionGuid = {4518C412-B40D-472D-8592-714E04CD7366}
	EndGlobalSection
EndGlobal
